
Microsoft Visual Studio Solution File, Format Version 12.00
# Visual Studio Version 16
VisualStudioVersion = 16.0.29418.71
MinimumVisualStudioVersion = 10.0.40219.1
Project("{FAE04EC0-301F-11D3-BF4B-00C04F79EFBC}") = "dmuka3.CS.Simple.TCP", "dmuka3.CS.Simple.TCP\dmuka3.CS.Simple.TCP.csproj", "{CB949DCE-1C9C-4E62-8699-6C3489D5C4D7}"
EndProject
Project("{FAE04EC0-301F-11D3-BF4B-00C04F79EFBC}") = "dmuka3.CS.Simple.TCP.NUnit", "dmuka3.CS.Simple.TCP.NUnit\dmuka3.CS.Simple.TCP.NUnit.csproj", "{3379852D-2976-4C09-AFFF-C37CA4A9B956}"
EndProject
Global
	GlobalSection(SolutionConfigurationPlatforms) = preSolution
		Debug|Any CPU = Debug|Any CPU
		Release|Any CPU = Release|Any CPU
	EndGlobalSection
	GlobalSection(ProjectConfigurationPlatforms) = postSolution
		{CB949DCE-1C9C-4E62-8699-6C3489D5C4D7}.Debug|Any CPU.ActiveCfg = Debug|Any CPU
		{CB949DCE-1C9C-4E62-8699-6C3489D5C4D7}.Debug|Any CPU.Build.0 = Debug|Any CPU
		{CB949DCE-1C9C-4E62-8699-6C3489D5C4D7}.Release|Any CPU.ActiveCfg = Release|Any CPU
		{CB949DCE-1C9C-4E62-8699-6C3489D5C4D7}.Release|Any CPU.Build.0 = Release|Any CPU
		{3379852D-2976-4C09-AFFF-C37CA4A9B956}.Debug|Any CPU.ActiveCfg = Debug|Any CPU
		{3379852D-2976-4C09-AFFF-C37CA4A9B956}.Debug|Any CPU.Build.0 = Debug|Any CPU
		{3379852D-2976-4C09-AFFF-C37CA4A9B956}.Release|Any CPU.ActiveCfg = Release|Any CPU
		{3379852D-2976-4C09-AFFF-C37CA4A9B956}.Release|Any CPU.Build.0 = Release|Any CPU
	EndGlobalSection
	GlobalSection(SolutionProperties) = preSolution
		HideSolutionNode = FALSE
	EndGlobalSection
	GlobalSection(ExtensibilityGlobals) = postSolution
		SolutionGuid = {45E06200-FE81-4EEF-B043-7C6525684CAE}
	EndGlobalSection
EndGlobal
